<?xml version="1.0" encoding="utf-8"?>
<Project ToolsVersion="4.0" xmlns="http://schemas.microsoft.com/developer/msbuild/2003">
  <ItemGroup>
    <ClCompile Include="..\..\NvCodec\NvDecoder\NvDecoder.cpp">
      <Filter>NvCodec\NvDecoder</Filter>
    </ClCompile>
    <ClCompile Include="AppDecMultiFiles.cpp" />
  </ItemGroup>
  <ItemGroup>
    <Filter Include="Utils">
      <UniqueIdentifier>{0bb6e901-b2d7-4b1d-a7d7-b763d9b8cb1f}</UniqueIdentifier>
    </Filter>
    <Filter Include="NvCodec">
      <UniqueIdentifier>{06df6632-02cc-42f7-b269-8729c8d65016}</UniqueIdentifier>
    </Filter>
    <Filter Include="NvCodec\NvDecoder">
      <UniqueIdentifier>{1edb3cf5-d98a-486b-888f-ad9f9d308f63}</UniqueIdentifier>
    </Filter>
  </ItemGroup>
  <ItemGroup>
    <ClInclude Include="..\..\NvCodec\NvDecoder\NvDecoder.h">
      <Filter>NvCodec\NvDecoder</Filter>
    </ClInclude>
    <ClInclude Include="..\..\NvCodec\NvDecoder\nvcuvid.h">
      <Filter>NvCodec\NvDecoder</Filter>
    </ClInclude>
    <ClInclude Include="..\..\NvCodec\NvDecoder\cuviddec.h">
      <Filter>NvCodec\NvDecoder</Filter>
    </ClInclude>
    <ClInclude Include="..\..\Utils\FFmpegDemuxer.h">
      <Filter>Utils</Filter>
    </ClInclude>
    <ClInclude Include="..\..\Utils\NvCodecUtils.h">
      <Filter>Utils</Filter>
    </ClInclude>
  </ItemGroup>
</Project>