<?xml version="1.0" encoding="utf-8"?>
<Project ToolsVersion="4.0" xmlns="http://schemas.microsoft.com/developer/msbuild/2003">
  <ItemGroup>
    <ClInclude Include="..\Common\AppDecUtils.h" />
    <ClInclude Include="..\..\NvCodec\NvDecoder\NvDecoder.h">
      <Filter>NvCodec\NvDecoder</Filter>
    </ClInclude>
    <ClInclude Include="..\..\NvCodec\NvDecoder\nvcuvid.h">
      <Filter>NvCodec\NvDecoder</Filter>
    </ClInclude>
    <ClInclude Include="..\..\NvCodec\NvDecoder\cuviddec.h">
      <Filter>NvCodec\NvDecoder</Filter>
    </ClInclude>
    <ClInclude Include="..\..\Utils\FFmpegDemuxer.h">
      <Filter>Utils</Filter>
    </ClInclude>
    <ClInclude Include="..\..\Utils\NvCodecUtils.h">
      <Filter>Utils</Filter>
    </ClInclude>
  </ItemGroup>
  <ItemGroup>
    <ClCompile Include="AppDecLowLatency.cpp" />
    <ClCompile Include="..\..\NvCodec\NvDecoder\NvDecoder.cpp">
      <Filter>NvCodec\NvDecoder</Filter>
    </ClCompile>
  </ItemGroup>
  <ItemGroup>
    <Filter Include="NvCodec">
      <UniqueIdentifier>{c7fcc157-251e-4b4a-a2c6-01d9a1c40e13}</UniqueIdentifier>
    </Filter>
    <Filter Include="NvCodec\NvDecoder">
      <UniqueIdentifier>{03f0fbb6-12d2-47e8-99af-41eecae79f53}</UniqueIdentifier>
    </Filter>
    <Filter Include="Utils">
      <UniqueIdentifier>{437efdc7-3d88-40c6-a5e9-4df4f9edc2d8}</UniqueIdentifier>
    </Filter>
  </ItemGroup>
</Project>