<?xml version="1.0" encoding="utf-8"?>
<Project ToolsVersion="4.0" xmlns="http://schemas.microsoft.com/developer/msbuild/2003">
  <ItemGroup>
    <ClInclude Include="..\..\NvCodec\NvDecoder\NvDecoder.h">
      <Filter>NvCodec</Filter>
    </ClInclude>
    <ClInclude Include="..\..\NvCodec\NvEncoder\NvEncoder.h">
      <Filter>NvCodec</Filter>
    </ClInclude>
    <ClInclude Include="..\..\NvCodec\NvEncoder\NvEncoderCuda.h">
      <Filter>NvCodec</Filter>
    </ClInclude>
  </ItemGroup>
  <ItemGroup>
    <ClCompile Include="..\..\NvCodec\NvDecoder\NvDecoder.cpp">
      <Filter>NvCodec</Filter>
    </ClCompile>
    <ClCompile Include="AppTrans.cpp" />
    <ClCompile Include="..\..\NvCodec\NvEncoder\NvEncoder.cpp">
      <Filter>NvCodec</Filter>
    </ClCompile>
    <ClCompile Include="..\..\NvCodec\NvEncoder\NvEncoderCuda.cpp">
      <Filter>NvCodec</Filter>
    </ClCompile>
  </ItemGroup>
  <ItemGroup>
    <Filter Include="NvCodec">
      <UniqueIdentifier>{8d23edf0-e24b-4cc0-b67c-fb21928eb7ed}</UniqueIdentifier>
    </Filter>
  </ItemGroup>
  <ItemGroup>
    <CudaCompile Include="..\..\Utils\BitDepth.cu">
      <Filter>NvCodec</Filter>
    </CudaCompile>
  </ItemGroup>
</Project>