<?xml version="1.0" encoding="utf-8"?>
<Project ToolsVersion="4.0" xmlns="http://schemas.microsoft.com/developer/msbuild/2003">
  <ItemGroup>
    <ClInclude Include="..\Common\AppDecUtils.h" />
    <ClInclude Include="FramePresenterD3D.h" />
    <ClInclude Include="FramePresenterD3D9.h" />
    <ClInclude Include="FramePresenterD3D11.h" />
    <ClInclude Include="..\..\NvCodec\NvDecoder\cuviddec.h">
      <Filter>NvCodec\NvDecoder</Filter>
    </ClInclude>
    <ClInclude Include="..\..\NvCodec\NvDecoder\nvcuvid.h">
      <Filter>NvCodec\NvDecoder</Filter>
    </ClInclude>
    <ClInclude Include="..\..\NvCodec\NvDecoder\NvDecoder.h">
      <Filter>NvCodec\NvDecoder</Filter>
    </ClInclude>
    <ClInclude Include="..\..\Utils\FFmpegDemuxer.h">
      <Filter>Utils</Filter>
    </ClInclude>
    <ClInclude Include="..\..\Utils\NvCodecUtils.h">
      <Filter>Utils</Filter>
    </ClInclude>
  </ItemGroup>
  <ItemGroup>
    <ClCompile Include="AppDecD3D.cpp" />
    <ClCompile Include="..\..\NvCodec\NvDecoder\NvDecoder.cpp">
      <Filter>NvCodec\NvDecoder</Filter>
    </ClCompile>
  </ItemGroup>
  <ItemGroup>
    <Filter Include="NvCodec">
      <UniqueIdentifier>{c7fcc157-251e-4b4a-a2c6-01d9a1c40e13}</UniqueIdentifier>
    </Filter>
    <Filter Include="NvCodec\NvDecoder">
      <UniqueIdentifier>{b0d2a1de-c77c-4b03-a0f9-2a29a02692cd}</UniqueIdentifier>
    </Filter>
    <Filter Include="Utils">
      <UniqueIdentifier>{b3ac78dd-d40b-4009-a7e0-49f3b7a6ef6c}</UniqueIdentifier>
    </Filter>
  </ItemGroup>
  <ItemGroup>
    <CudaCompile Include="..\..\Utils\ColorSpace.cu">
      <Filter>Utils</Filter>
    </CudaCompile>
  </ItemGroup>
</Project>